
Microsoft Visual Studio Solution File, Format Version 12.00
# Visual Studio 15
VisualStudioVersion = 15.0.28307.757
MinimumVisualStudioVersion = 10.0.40219.1
Project("{FAE04EC0-301F-11D3-BF4B-00C04F79EFBC}") = "ConsoleApp", "ConsoleApp\ConsoleApp.csproj", "{F44AECCF-B57D-49B3-ABA3-7D2CC0015CEE}"
EndProject
Global
	GlobalSection(SolutionConfigurationPlatforms) = preSolution
		Debug|Any CPU = Debug|Any CPU
		Release|Any CPU = Release|Any CPU
	EndGlobalSection
	GlobalSection(ProjectConfigurationPlatforms) = postSolution
		{F44AECCF-B57D-49B3-ABA3-7D2CC0015CEE}.Debug|Any CPU.ActiveCfg = Debug|Any CPU
		{F44AECCF-B57D-49B3-ABA3-7D2CC0015CEE}.Debug|Any CPU.Build.0 = Debug|Any CPU
		{F44AECCF-B57D-49B3-ABA3-7D2CC0015CEE}.Release|Any CPU.ActiveCfg = Release|Any CPU
		{F44AECCF-B57D-49B3-ABA3-7D2CC0015CEE}.Release|Any CPU.Build.0 = Release|Any CPU
	EndGlobalSection
	GlobalSection(SolutionProperties) = preSolution
		HideSolutionNode = FALSE
	EndGlobalSection
	GlobalSection(ExtensibilityGlobals) = postSolution
		SolutionGuid = {83AA2CF8-9F10-4B68-ADCE-2D19F3459D7E}
	EndGlobalSection
EndGlobal
